
Microsoft Visual Studio Solution File, Format Version 12.00
# Visual Studio Version 17
VisualStudioVersion = 17.12.35514.174 d17.12
MinimumVisualStudioVersion = 10.0.40219.1
Project("{FAE04EC0-301F-11D3-BF4B-00C04F79EFBC}") = "Day01", "Day01\Day01.csproj", "{1A3387F7-7D1E-4C91-A86F-A7EC9BF44F04}"
EndProject
Project("{FAE04EC0-301F-11D3-BF4B-00C04F79EFBC}") = "Day02", "Day02\Day02.csproj", "{9955F86B-6D7A-46CF-977C-67FDEDAD8DBD}"
EndProject
Project("{FAE04EC0-301F-11D3-BF4B-00C04F79EFBC}") = "Day03", "Day03\Day03.csproj", "{180A4562-2F8D-491C-A58A-6F08533B4E9C}"
EndProject
Project("{FAE04EC0-301F-11D3-BF4B-00C04F79EFBC}") = "Day04", "Day04\Day04.csproj", "{5F380E6E-3FFE-48B6-9872-E6FFA6946BA6}"
EndProject
Project("{FAE04EC0-301F-11D3-BF4B-00C04F79EFBC}") = "Day05", "Day05\Day05.csproj", "{55034A38-59B4-46A3-87D1-FFE3C3F3FDBC}"
EndProject
Project("{FAE04EC0-301F-11D3-BF4B-00C04F79EFBC}") = "Day06", "Day06\Day06.csproj", "{6FFA95F8-AA4B-4EA1-A79B-F788630A1509}"
EndProject
Project("{FAE04EC0-301F-11D3-BF4B-00C04F79EFBC}") = "Day07", "Day07\Day07.csproj", "{90F5AE46-79A9-42A2-8AB4-EDD017D94C97}"
EndProject
Project("{FAE04EC0-301F-11D3-BF4B-00C04F79EFBC}") = "Day08", "Day08\Day08.csproj", "{B5C9084B-6F0B-4C8F-9FC3-BE2582DD9396}"
EndProject
Project("{FAE04EC0-301F-11D3-BF4B-00C04F79EFBC}") = "Day09", "Day09\Day09.csproj", "{97AA3824-C879-4F88-940F-5388E7DAC4BF}"
EndProject
Project("{FAE04EC0-301F-11D3-BF4B-00C04F79EFBC}") = "Day10", "Day10\Day10.csproj", "{2081DCB4-BF78-41DC-8400-772404CF2285}"
EndProject
Project("{FAE04EC0-301F-11D3-BF4B-00C04F79EFBC}") = "Day11", "Day11\Day11.csproj", "{5183A758-1FD2-4B56-A3D0-1575B86206D4}"
EndProject
Project("{FAE04EC0-301F-11D3-BF4B-00C04F79EFBC}") = "Day12", "Day12\Day12.csproj", "{F5BBD816-3426-40C6-8283-F0C687913775}"
EndProject
Global
	GlobalSection(SolutionConfigurationPlatforms) = preSolution
		Debug|Any CPU = Debug|Any CPU
		Release|Any CPU = Release|Any CPU
	EndGlobalSection
	GlobalSection(ProjectConfigurationPlatforms) = postSolution
		{1A3387F7-7D1E-4C91-A86F-A7EC9BF44F04}.Debug|Any CPU.ActiveCfg = Debug|Any CPU
		{1A3387F7-7D1E-4C91-A86F-A7EC9BF44F04}.Debug|Any CPU.Build.0 = Debug|Any CPU
		{1A3387F7-7D1E-4C91-A86F-A7EC9BF44F04}.Release|Any CPU.ActiveCfg = Release|Any CPU
		{1A3387F7-7D1E-4C91-A86F-A7EC9BF44F04}.Release|Any CPU.Build.0 = Release|Any CPU
		{9955F86B-6D7A-46CF-977C-67FDEDAD8DBD}.Debug|Any CPU.ActiveCfg = Debug|Any CPU
		{9955F86B-6D7A-46CF-977C-67FDEDAD8DBD}.Debug|Any CPU.Build.0 = Debug|Any CPU
		{9955F86B-6D7A-46CF-977C-67FDEDAD8DBD}.Release|Any CPU.ActiveCfg = Release|Any CPU
		{9955F86B-6D7A-46CF-977C-67FDEDAD8DBD}.Release|Any CPU.Build.0 = Release|Any CPU
		{180A4562-2F8D-491C-A58A-6F08533B4E9C}.Debug|Any CPU.ActiveCfg = Debug|Any CPU
		{180A4562-2F8D-491C-A58A-6F08533B4E9C}.Debug|Any CPU.Build.0 = Debug|Any CPU
		{180A4562-2F8D-491C-A58A-6F08533B4E9C}.Release|Any CPU.ActiveCfg = Release|Any CPU
		{180A4562-2F8D-491C-A58A-6F08533B4E9C}.Release|Any CPU.Build.0 = Release|Any CPU
		{5F380E6E-3FFE-48B6-9872-E6FFA6946BA6}.Debug|Any CPU.ActiveCfg = Debug|Any CPU
		{5F380E6E-3FFE-48B6-9872-E6FFA6946BA6}.Debug|Any CPU.Build.0 = Debug|Any CPU
		{5F380E6E-3FFE-48B6-9872-E6FFA6946BA6}.Release|Any CPU.ActiveCfg = Release|Any CPU
		{5F380E6E-3FFE-48B6-9872-E6FFA6946BA6}.Release|Any CPU.Build.0 = Release|Any CPU
		{55034A38-59B4-46A3-87D1-FFE3C3F3FDBC}.Debug|Any CPU.ActiveCfg = Debug|Any CPU
		{55034A38-59B4-46A3-87D1-FFE3C3F3FDBC}.Debug|Any CPU.Build.0 = Debug|Any CPU
		{55034A38-59B4-46A3-87D1-FFE3C3F3FDBC}.Release|Any CPU.ActiveCfg = Release|Any CPU
		{55034A38-59B4-46A3-87D1-FFE3C3F3FDBC}.Release|Any CPU.Build.0 = Release|Any CPU
		{6FFA95F8-AA4B-4EA1-A79B-F788630A1509}.Debug|Any CPU.ActiveCfg = Debug|Any CPU
		{6FFA95F8-AA4B-4EA1-A79B-F788630A1509}.Debug|Any CPU.Build.0 = Debug|Any CPU
		{6FFA95F8-AA4B-4EA1-A79B-F788630A1509}.Release|Any CPU.ActiveCfg = Release|Any CPU
		{6FFA95F8-AA4B-4EA1-A79B-F788630A1509}.Release|Any CPU.Build.0 = Release|Any CPU
		{90F5AE46-79A9-42A2-8AB4-EDD017D94C97}.Debug|Any CPU.ActiveCfg = Debug|Any CPU
		{90F5AE46-79A9-42A2-8AB4-EDD017D94C97}.Debug|Any CPU.Build.0 = Debug|Any CPU
		{90F5AE46-79A9-42A2-8AB4-EDD017D94C97}.Release|Any CPU.ActiveCfg = Release|Any CPU
		{90F5AE46-79A9-42A2-8AB4-EDD017D94C97}.Release|Any CPU.Build.0 = Release|Any CPU
		{B5C9084B-6F0B-4C8F-9FC3-BE2582DD9396}.Debug|Any CPU.ActiveCfg = Debug|Any CPU
		{B5C9084B-6F0B-4C8F-9FC3-BE2582DD9396}.Debug|Any CPU.Build.0 = Debug|Any CPU
		{B5C9084B-6F0B-4C8F-9FC3-BE2582DD9396}.Release|Any CPU.ActiveCfg = Release|Any CPU
		{B5C9084B-6F0B-4C8F-9FC3-BE2582DD9396}.Release|Any CPU.Build.0 = Release|Any CPU
		{97AA3824-C879-4F88-940F-5388E7DAC4BF}.Debug|Any CPU.ActiveCfg = Debug|Any CPU
		{97AA3824-C879-4F88-940F-5388E7DAC4BF}.Debug|Any CPU.Build.0 = Debug|Any CPU
		{97AA3824-C879-4F88-940F-5388E7DAC4BF}.Release|Any CPU.ActiveCfg = Release|Any CPU
		{97AA3824-C879-4F88-940F-5388E7DAC4BF}.Release|Any CPU.Build.0 = Release|Any CPU
		{2081DCB4-BF78-41DC-8400-772404CF2285}.Debug|Any CPU.ActiveCfg = Debug|Any CPU
		{2081DCB4-BF78-41DC-8400-772404CF2285}.Debug|Any CPU.Build.0 = Debug|Any CPU
		{2081DCB4-BF78-41DC-8400-772404CF2285}.Release|Any CPU.ActiveCfg = Release|Any CPU
		{2081DCB4-BF78-41DC-8400-772404CF2285}.Release|Any CPU.Build.0 = Release|Any CPU
		{5183A758-1FD2-4B56-A3D0-1575B86206D4}.Debug|Any CPU.ActiveCfg = Debug|Any CPU
		{5183A758-1FD2-4B56-A3D0-1575B86206D4}.Debug|Any CPU.Build.0 = Debug|Any CPU
		{5183A758-1FD2-4B56-A3D0-1575B86206D4}.Release|Any CPU.ActiveCfg = Release|Any CPU
		{5183A758-1FD2-4B56-A3D0-1575B86206D4}.Release|Any CPU.Build.0 = Release|Any CPU
		{F5BBD816-3426-40C6-8283-F0C687913775}.Debug|Any CPU.ActiveCfg = Debug|Any CPU
		{F5BBD816-3426-40C6-8283-F0C687913775}.Debug|Any CPU.Build.0 = Debug|Any CPU
		{F5BBD816-3426-40C6-8283-F0C687913775}.Release|Any CPU.ActiveCfg = Release|Any CPU
		{F5BBD816-3426-40C6-8283-F0C687913775}.Release|Any CPU.Build.0 = Release|Any CPU
	EndGlobalSection
	GlobalSection(SolutionProperties) = preSolution
		HideSolutionNode = FALSE
	EndGlobalSection
EndGlobal
